
Microsoft Visual Studio Solution File, Format Version 12.00
# Visual Studio Version 17
VisualStudioVersion = 17.12.35514.174
MinimumVisualStudioVersion = 10.0.40219.1
Project("{FAE04EC0-301F-11D3-BF4B-00C04F79EFBC}") = "MountainTrainingApp.Web", "MountainTrainingApp.Web\MountainTrainingApp.Web.csproj", "{27BF01BC-BA71-4188-BDC1-DBF88B5747D7}"
EndProject
Project("{FAE04EC0-301F-11D3-BF4B-00C04F79EFBC}") = "MountainTrainingApp.Common", "MountainTrainingApp.Common\MountainTrainingApp.Common.csproj", "{B7D42608-7DF4-4397-B2A5-6024EB0FC492}"
EndProject
Project("{2150E333-8FDC-42A3-9474-1A3956D46DE8}") = "Web", "Web", "{43347F1B-B35D-42AA-A097-E01E0B9F532B}"
EndProject
Project("{2150E333-8FDC-42A3-9474-1A3956D46DE8}") = "Data", "Data", "{C5816B07-68E4-4F53-86E7-18E0BF386436}"
EndProject
Project("{FAE04EC0-301F-11D3-BF4B-00C04F79EFBC}") = "MountainTrainingApp.Data", "MountainTrainingApp.Data\MountainTrainingApp.Data.csproj", "{D3FBC07D-FACE-4537-8308-96E32B73182B}"
EndProject
Project("{FAE04EC0-301F-11D3-BF4B-00C04F79EFBC}") = "MountainTrainingApp.Data.Models", "MountainTrainingApp.Data.Models\MountainTrainingApp.Data.Models.csproj", "{43115B6F-2F22-47A7-8413-4CA1E8F71A53}"
EndProject
Project("{FAE04EC0-301F-11D3-BF4B-00C04F79EFBC}") = "MountainTrainingApp.Web.ViewModels", "MountainTrainingApp.Web.ViewModels\MountainTrainingApp.Web.ViewModels.csproj", "{7A2BA016-07A0-48A7-8B4C-6750E0E81C20}"
EndProject
Project("{2150E333-8FDC-42A3-9474-1A3956D46DE8}") = "Services", "Services", "{CD7BC50A-ECDE-4128-976C-8D357E4F461A}"
EndProject
Project("{FAE04EC0-301F-11D3-BF4B-00C04F79EFBC}") = "MountainTrainingApp.Services.Data", "MountainTrainingApp.Services.Data\MountainTrainingApp.Services.Data.csproj", "{994FC0AF-4DA9-40EE-8B30-CCB2A9BA8D9A}"
EndProject
Project("{FAE04EC0-301F-11D3-BF4B-00C04F79EFBC}") = "MountainTrainingApp.Web.Infrastructure", "MountainTrainingApp.Web.Infrastructure\MountainTrainingApp.Web.Infrastructure.csproj", "{6DCC9854-161B-4AB1-80A7-9A58EC67C3FC}"
EndProject
Global
	GlobalSection(SolutionConfigurationPlatforms) = preSolution
		Debug|Any CPU = Debug|Any CPU
		Release|Any CPU = Release|Any CPU
	EndGlobalSection
	GlobalSection(ProjectConfigurationPlatforms) = postSolution
		{27BF01BC-BA71-4188-BDC1-DBF88B5747D7}.Debug|Any CPU.ActiveCfg = Debug|Any CPU
		{27BF01BC-BA71-4188-BDC1-DBF88B5747D7}.Debug|Any CPU.Build.0 = Debug|Any CPU
		{27BF01BC-BA71-4188-BDC1-DBF88B5747D7}.Release|Any CPU.ActiveCfg = Release|Any CPU
		{27BF01BC-BA71-4188-BDC1-DBF88B5747D7}.Release|Any CPU.Build.0 = Release|Any CPU
		{B7D42608-7DF4-4397-B2A5-6024EB0FC492}.Debug|Any CPU.ActiveCfg = Debug|Any CPU
		{B7D42608-7DF4-4397-B2A5-6024EB0FC492}.Debug|Any CPU.Build.0 = Debug|Any CPU
		{B7D42608-7DF4-4397-B2A5-6024EB0FC492}.Release|Any CPU.ActiveCfg = Release|Any CPU
		{B7D42608-7DF4-4397-B2A5-6024EB0FC492}.Release|Any CPU.Build.0 = Release|Any CPU
		{D3FBC07D-FACE-4537-8308-96E32B73182B}.Debug|Any CPU.ActiveCfg = Debug|Any CPU
		{D3FBC07D-FACE-4537-8308-96E32B73182B}.Debug|Any CPU.Build.0 = Debug|Any CPU
		{D3FBC07D-FACE-4537-8308-96E32B73182B}.Release|Any CPU.ActiveCfg = Release|Any CPU
		{D3FBC07D-FACE-4537-8308-96E32B73182B}.Release|Any CPU.Build.0 = Release|Any CPU
		{43115B6F-2F22-47A7-8413-4CA1E8F71A53}.Debug|Any CPU.ActiveCfg = Debug|Any CPU
		{43115B6F-2F22-47A7-8413-4CA1E8F71A53}.Debug|Any CPU.Build.0 = Debug|Any CPU
		{43115B6F-2F22-47A7-8413-4CA1E8F71A53}.Release|Any CPU.ActiveCfg = Release|Any CPU
		{43115B6F-2F22-47A7-8413-4CA1E8F71A53}.Release|Any CPU.Build.0 = Release|Any CPU
		{7A2BA016-07A0-48A7-8B4C-6750E0E81C20}.Debug|Any CPU.ActiveCfg = Debug|Any CPU
		{7A2BA016-07A0-48A7-8B4C-6750E0E81C20}.Debug|Any CPU.Build.0 = Debug|Any CPU
		{7A2BA016-07A0-48A7-8B4C-6750E0E81C20}.Release|Any CPU.ActiveCfg = Release|Any CPU
		{7A2BA016-07A0-48A7-8B4C-6750E0E81C20}.Release|Any CPU.Build.0 = Release|Any CPU
		{994FC0AF-4DA9-40EE-8B30-CCB2A9BA8D9A}.Debug|Any CPU.ActiveCfg = Debug|Any CPU
		{994FC0AF-4DA9-40EE-8B30-CCB2A9BA8D9A}.Debug|Any CPU.Build.0 = Debug|Any CPU
		{994FC0AF-4DA9-40EE-8B30-CCB2A9BA8D9A}.Release|Any CPU.ActiveCfg = Release|Any CPU
		{994FC0AF-4DA9-40EE-8B30-CCB2A9BA8D9A}.Release|Any CPU.Build.0 = Release|Any CPU
		{6DCC9854-161B-4AB1-80A7-9A58EC67C3FC}.Debug|Any CPU.ActiveCfg = Debug|Any CPU
		{6DCC9854-161B-4AB1-80A7-9A58EC67C3FC}.Debug|Any CPU.Build.0 = Debug|Any CPU
		{6DCC9854-161B-4AB1-80A7-9A58EC67C3FC}.Release|Any CPU.ActiveCfg = Release|Any CPU
		{6DCC9854-161B-4AB1-80A7-9A58EC67C3FC}.Release|Any CPU.Build.0 = Release|Any CPU
	EndGlobalSection
	GlobalSection(SolutionProperties) = preSolution
		HideSolutionNode = FALSE
	EndGlobalSection
	GlobalSection(NestedProjects) = preSolution
		{27BF01BC-BA71-4188-BDC1-DBF88B5747D7} = {43347F1B-B35D-42AA-A097-E01E0B9F532B}
		{D3FBC07D-FACE-4537-8308-96E32B73182B} = {C5816B07-68E4-4F53-86E7-18E0BF386436}
		{43115B6F-2F22-47A7-8413-4CA1E8F71A53} = {C5816B07-68E4-4F53-86E7-18E0BF386436}
		{7A2BA016-07A0-48A7-8B4C-6750E0E81C20} = {43347F1B-B35D-42AA-A097-E01E0B9F532B}
		{994FC0AF-4DA9-40EE-8B30-CCB2A9BA8D9A} = {CD7BC50A-ECDE-4128-976C-8D357E4F461A}
		{6DCC9854-161B-4AB1-80A7-9A58EC67C3FC} = {43347F1B-B35D-42AA-A097-E01E0B9F532B}
	EndGlobalSection
EndGlobal
